
Microsoft Visual Studio Solution File, Format Version 12.00
# Visual Studio Version 16
VisualStudioVersion = 16.0.31702.278
MinimumVisualStudioVersion = 10.0.40219.1
Project("{8BC9CEB8-8B4A-11D0-8D11-00A0C91BC942}") = "UnitTest8.1(char)", "UnitTest8.1(char)\UnitTest8.1(char).vcxproj", "{FBE9C441-95EA-43B3-AE54-7E9463B26CEB}"
EndProject
Global
	GlobalSection(SolutionConfigurationPlatforms) = preSolution
		Debug|x64 = Debug|x64
		Debug|x86 = Debug|x86
		Release|x64 = Release|x64
		Release|x86 = Release|x86
	EndGlobalSection
	GlobalSection(ProjectConfigurationPlatforms) = postSolution
		{FBE9C441-95EA-43B3-AE54-7E9463B26CEB}.Debug|x64.ActiveCfg = Debug|x64
		{FBE9C441-95EA-43B3-AE54-7E9463B26CEB}.Debug|x64.Build.0 = Debug|x64
		{FBE9C441-95EA-43B3-AE54-7E9463B26CEB}.Debug|x86.ActiveCfg = Debug|Win32
		{FBE9C441-95EA-43B3-AE54-7E9463B26CEB}.Debug|x86.Build.0 = Debug|Win32
		{FBE9C441-95EA-43B3-AE54-7E9463B26CEB}.Release|x64.ActiveCfg = Release|x64
		{FBE9C441-95EA-43B3-AE54-7E9463B26CEB}.Release|x64.Build.0 = Release|x64
		{FBE9C441-95EA-43B3-AE54-7E9463B26CEB}.Release|x86.ActiveCfg = Release|Win32
		{FBE9C441-95EA-43B3-AE54-7E9463B26CEB}.Release|x86.Build.0 = Release|Win32
	EndGlobalSection
	GlobalSection(SolutionProperties) = preSolution
		HideSolutionNode = FALSE
	EndGlobalSection
	GlobalSection(ExtensibilityGlobals) = postSolution
		SolutionGuid = {0051B1AB-650F-44EC-ADC8-04FDAD93EF8F}
	EndGlobalSection
EndGlobal
